// !$*UTF8*$!
{
	archiveVersion = 1;
	classes = {
	};
	objectVersion = 46;
	objects = {

/* Begin PBXBuildFile section */
		B8A61A351B3A6EEF004974DE /* main.m in Sources */ = {isa = PBXBuildFile; fileRef = B8A61A341B3A6EEF004974DE /* main.m */; };
		B8A61A381B3A6EEF004974DE /* AppDelegate.m in Sources */ = {isa = PBXBuildFile; fileRef = B8A61A371B3A6EEF004974DE /* AppDelegate.m */; };
		B8A61A3B1B3A6EEF004974DE /* ViewController.m in Sources */ = {isa = PBXBuildFile; fileRef = B8A61A3A1B3A6EEF004974DE /* ViewController.m */; };
		B8A61A401B3A6EEF004974DE /* Images.xcassets in Resources */ = {isa = PBXBuildFile; fileRef = B8A61A3F1B3A6EEF004974DE /* Images.xcassets */; };
		B8A61A431B3A6EEF004974DE /* LaunchScreen.xib in Resources */ = {isa = PBXBuildFile; fileRef = B8A61A411B3A6EEF004974DE /* LaunchScreen.xib */; };
		B8A61A4F1B3A6EEF004974DE /* WBImageCarouselTests.m in Sources */ = {isa = PBXBuildFile; fileRef = B8A61A4E1B3A6EEF004974DE /* WBImageCarouselTests.m */; };
		B8A61A6A1B3A6F24004974DE /* NSData+WBDataCache.m in Sources */ = {isa = PBXBuildFile; fileRef = B8A61A5A1B3A6F24004974DE /* NSData+WBDataCache.m */; };
		B8A61A6B1B3A6F24004974DE /* TAAbstractDotView.m in Sources */ = {isa = PBXBuildFile; fileRef = B8A61A5D1B3A6F24004974DE /* TAAbstractDotView.m */; };
		B8A61A6C1B3A6F24004974DE /* TAAnimatedDotView.m in Sources */ = {isa = PBXBuildFile; fileRef = B8A61A5F1B3A6F24004974DE /* TAAnimatedDotView.m */; };
		B8A61A6D1B3A6F24004974DE /* TADotView.m in Sources */ = {isa = PBXBuildFile; fileRef = B8A61A611B3A6F24004974DE /* TADotView.m */; };
		B8A61A6E1B3A6F24004974DE /* TAPageControl.m in Sources */ = {isa = PBXBuildFile; fileRef = B8A61A631B3A6F24004974DE /* TAPageControl.m */; };
		B8A61A6F1B3A6F24004974DE /* WBCollectionViewCell.m in Sources */ = {isa = PBXBuildFile; fileRef = B8A61A651B3A6F24004974DE /* WBCollectionViewCell.m */; };
		B8A61A701B3A6F24004974DE /* WBCycleScrollView.m in Sources */ = {isa = PBXBuildFile; fileRef = B8A61A671B3A6F24004974DE /* WBCycleScrollView.m */; };
		B8A61A711B3A6F24004974DE /* UIView+WBExtension.m in Sources */ = {isa = PBXBuildFile; fileRef = B8A61A691B3A6F24004974DE /* UIView+WBExtension.m */; };
/* End PBXBuildFile section */

/* Begin PBXContainerItemProxy section */
		B8A61A491B3A6EEF004974DE /* PBXContainerItemProxy */ = {
			isa = PBXContainerItemProxy;
			containerPortal = B8A61A271B3A6EEF004974DE /* Project object */;
			proxyType = 1;
			remoteGlobalIDString = B8A61A2E1B3A6EEF004974DE;
			remoteInfo = WBImageCarousel;
		};
/* End PBXContainerItemProxy section */

/* Begin PBXFileReference section */
		B8A61A2F1B3A6EEF004974DE /* WBImageCarousel.app */ = {isa = PBXFileReference; explicitFileType = wrapper.application; includeInIndex = 0; path = WBImageCarousel.app; sourceTree = BUILT_PRODUCTS_DIR; };
		B8A61A331B3A6EEF004974DE /* Info.plist */ = {isa = PBXFileReference; lastKnownFileType = text.plist.xml; path = Info.plist; sourceTree = "<group>"; };
		B8A61A341B3A6EEF004974DE /* main.m */ = {isa = PBXFileReference; lastKnownFileType = sourcecode.c.objc; path = main.m; sourceTree = "<group>"; };
		B8A61A361B3A6EEF004974DE /* AppDelegate.h */ = {isa = PBXFileReference; lastKnownFileType = sourcecode.c.h; path = AppDelegate.h; sourceTree = "<group>"; };
		B8A61A371B3A6EEF004974DE /* AppDelegate.m */ = {isa = PBXFileReference; lastKnownFileType = sourcecode.c.objc; path = AppDelegate.m; sourceTree = "<group>"; };
		B8A61A391B3A6EEF004974DE /* ViewController.h */ = {isa = PBXFileReference; lastKnownFileType = sourcecode.c.h; path = ViewController.h; sourceTree = "<group>"; };
		B8A61A3A1B3A6EEF004974DE /* ViewController.m */ = {isa = PBXFileReference; lastKnownFileType = sourcecode.c.objc; path = ViewController.m; sourceTree = "<group>"; };
		B8A61A3F1B3A6EEF004974DE /* Images.xcassets */ = {isa = PBXFileReference; lastKnownFileType = folder.assetcatalog; path = Images.xcassets; sourceTree = "<group>"; };
		B8A61A421B3A6EEF004974DE /* Base */ = {isa = PBXFileReference; lastKnownFileType = file.xib; name = Base; path = Base.lproj/LaunchScreen.xib; sourceTree = "<group>"; };
		B8A61A481B3A6EEF004974DE /* WBImageCarouselTests.xctest */ = {isa = PBXFileReference; explicitFileType = wrapper.cfbundle; includeInIndex = 0; path = WBImageCarouselTests.xctest; sourceTree = BUILT_PRODUCTS_DIR; };
		B8A61A4D1B3A6EEF004974DE /* Info.plist */ = {isa = PBXFileReference; lastKnownFileType = text.plist.xml; path = Info.plist; sourceTree = "<group>"; };
		B8A61A4E1B3A6EEF004974DE /* WBImageCarouselTests.m */ = {isa = PBXFileReference; lastKnownFileType = sourcecode.c.objc; path = WBImageCarouselTests.m; sourceTree = "<group>"; };
		B8A61A591B3A6F24004974DE /* NSData+WBDataCache.h */ = {isa = PBXFileReference; fileEncoding = 4; lastKnownFileType = sourcecode.c.h; path = "NSData+WBDataCache.h"; sourceTree = "<group>"; };
		B8A61A5A1B3A6F24004974DE /* NSData+WBDataCache.m */ = {isa = PBXFileReference; fileEncoding = 4; lastKnownFileType = sourcecode.c.objc; path = "NSData+WBDataCache.m"; sourceTree = "<group>"; };
		B8A61A5C1B3A6F24004974DE /* TAAbstractDotView.h */ = {isa = PBXFileReference; fileEncoding = 4; lastKnownFileType = sourcecode.c.h; path = TAAbstractDotView.h; sourceTree = "<group>"; };
		B8A61A5D1B3A6F24004974DE /* TAAbstractDotView.m */ = {isa = PBXFileReference; fileEncoding = 4; lastKnownFileType = sourcecode.c.objc; path = TAAbstractDotView.m; sourceTree = "<group>"; };
		B8A61A5E1B3A6F24004974DE /* TAAnimatedDotView.h */ = {isa = PBXFileReference; fileEncoding = 4; lastKnownFileType = sourcecode.c.h; path = TAAnimatedDotView.h; sourceTree = "<group>"; };
		B8A61A5F1B3A6F24004974DE /* TAAnimatedDotView.m */ = {isa = PBXFileReference; fileEncoding = 4; lastKnownFileType = sourcecode.c.objc; path = TAAnimatedDotView.m; sourceTree = "<group>"; };
		B8A61A601B3A6F24004974DE /* TADotView.h */ = {isa = PBXFileReference; fileEncoding = 4; lastKnownFileType = sourcecode.c.h; path = TADotView.h; sourceTree = "<group>"; };
		B8A61A611B3A6F24004974DE /* TADotView.m */ = {isa = PBXFileReference; fileEncoding = 4; lastKnownFileType = sourcecode.c.objc; path = TADotView.m; sourceTree = "<group>"; };
		B8A61A621B3A6F24004974DE /* TAPageControl.h */ = {isa = PBXFileReference; fileEncoding = 4; lastKnownFileType = sourcecode.c.h; path = TAPageControl.h; sourceTree = "<group>"; };
		B8A61A631B3A6F24004974DE /* TAPageControl.m */ = {isa = PBXFileReference; fileEncoding = 4; lastKnownFileType = sourcecode.c.objc; path = TAPageControl.m; sourceTree = "<group>"; };
		B8A61A641B3A6F24004974DE /* WBCollectionViewCell.h */ = {isa = PBXFileReference; fileEncoding = 4; lastKnownFileType = sourcecode.c.h; path = WBCollectionViewCell.h; sourceTree = "<group>"; };
		B8A61A651B3A6F24004974DE /* WBCollectionViewCell.m */ = {isa = PBXFileReference; fileEncoding = 4; lastKnownFileType = sourcecode.c.objc; path = WBCollectionViewCell.m; sourceTree = "<group>"; };
		B8A61A661B3A6F24004974DE /* WBCycleScrollView.h */ = {isa = PBXFileReference; fileEncoding = 4; lastKnownFileType = sourcecode.c.h; path = WBCycleScrollView.h; sourceTree = "<group>"; };
		B8A61A671B3A6F24004974DE /* WBCycleScrollView.m */ = {isa = PBXFileReference; fileEncoding = 4; lastKnownFileType = sourcecode.c.objc; path = WBCycleScrollView.m; sourceTree = "<group>"; };
		B8A61A681B3A6F24004974DE /* UIView+WBExtension.h */ = {isa = PBXFileReference; fileEncoding = 4; lastKnownFileType = sourcecode.c.h; path = "UIView+WBExtension.h"; sourceTree = "<group>"; };
		B8A61A691B3A6F24004974DE /* UIView+WBExtension.m */ = {isa = PBXFileReference; fileEncoding = 4; lastKnownFileType = sourcecode.c.objc; path = "UIView+WBExtension.m"; sourceTree = "<group>"; };
/* End PBXFileReference section */

/* Begin PBXFrameworksBuildPhase section */
		B8A61A2C1B3A6EEF004974DE /* Frameworks */ = {
			isa = PBXFrameworksBuildPhase;
			buildActionMask = 2147483647;
			files = (
			);
			runOnlyForDeploymentPostprocessing = 0;
		};
		B8A61A451B3A6EEF004974DE /* Frameworks */ = {
			isa = PBXFrameworksBuildPhase;
			buildActionMask = 2147483647;
			files = (
			);
			runOnlyForDeploymentPostprocessing = 0;
		};
/* End PBXFrameworksBuildPhase section */

/* Begin PBXGroup section */
		B8A61A261B3A6EEF004974DE = {
			isa = PBXGroup;
			children = (
				B8A61A311B3A6EEF004974DE /* WBImageCarousel */,
				B8A61A4B1B3A6EEF004974DE /* WBImageCarouselTests */,
				B8A61A301B3A6EEF004974DE /* Products */,
			);
			sourceTree = "<group>";
		};
		B8A61A301B3A6EEF004974DE /* Products */ = {
			isa = PBXGroup;
			children = (
				B8A61A2F1B3A6EEF004974DE /* WBImageCarousel.app */,
				B8A61A481B3A6EEF004974DE /* WBImageCarouselTests.xctest */,
			);
			name = Products;
			sourceTree = "<group>";
		};
		B8A61A311B3A6EEF004974DE /* WBImageCarousel */ = {
			isa = PBXGroup;
			children = (
				B8A61A361B3A6EEF004974DE /* AppDelegate.h */,
				B8A61A371B3A6EEF004974DE /* AppDelegate.m */,
				B8A61A391B3A6EEF004974DE /* ViewController.h */,
				B8A61A3A1B3A6EEF004974DE /* ViewController.m */,
				B8A61A581B3A6F24004974DE /* SDCycleScrollView */,
				B8A61A3F1B3A6EEF004974DE /* Images.xcassets */,
				B8A61A411B3A6EEF004974DE /* LaunchScreen.xib */,
				B8A61A321B3A6EEF004974DE /* Supporting Files */,
			);
			path = WBImageCarousel;
			sourceTree = "<group>";
		};
		B8A61A321B3A6EEF004974DE /* Supporting Files */ = {
			isa = PBXGroup;
			children = (
				B8A61A331B3A6EEF004974DE /* Info.plist */,
				B8A61A341B3A6EEF004974DE /* main.m */,
			);
			name = "Supporting Files";
			sourceTree = "<group>";
		};
		B8A61A4B1B3A6EEF004974DE /* WBImageCarouselTests */ = {
			isa = PBXGroup;
			children = (
				B8A61A4E1B3A6EEF004974DE /* WBImageCarouselTests.m */,
				B8A61A4C1B3A6EEF004974DE /* Supporting Files */,
			);
			path = WBImageCarouselTests;
			sourceTree = "<group>";
		};
		B8A61A4C1B3A6EEF004974DE /* Supporting Files */ = {
			isa = PBXGroup;
			children = (
				B8A61A4D1B3A6EEF004974DE /* Info.plist */,
			);
			name = "Supporting Files";
			sourceTree = "<group>";
		};
		B8A61A581B3A6F24004974DE /* SDCycleScrollView */ = {
			isa = PBXGroup;
			children = (
				B8A61A591B3A6F24004974DE /* NSData+WBDataCache.h */,
				B8A61A5A1B3A6F24004974DE /* NSData+WBDataCache.m */,
				B8A61A5B1B3A6F24004974DE /* PageControl */,
				B8A61A641B3A6F24004974DE /* WBCollectionViewCell.h */,
				B8A61A651B3A6F24004974DE /* WBCollectionViewCell.m */,
				B8A61A661B3A6F24004974DE /* WBCycleScrollView.h */,
				B8A61A671B3A6F24004974DE /* WBCycleScrollView.m */,
				B8A61A681B3A6F24004974DE /* UIView+WBExtension.h */,
				B8A61A691B3A6F24004974DE /* UIView+WBExtension.m */,
			);
			path = SDCycleScrollView;
			sourceTree = "<group>";
		};
		B8A61A5B1B3A6F24004974DE /* PageControl */ = {
			isa = PBXGroup;
			children = (
				B8A61A5C1B3A6F24004974DE /* TAAbstractDotView.h */,
				B8A61A5D1B3A6F24004974DE /* TAAbstractDotView.m */,
				B8A61A5E1B3A6F24004974DE /* TAAnimatedDotView.h */,
				B8A61A5F1B3A6F24004974DE /* TAAnimatedDotView.m */,
				B8A61A601B3A6F24004974DE /* TADotView.h */,
				B8A61A611B3A6F24004974DE /* TADotView.m */,
				B8A61A621B3A6F24004974DE /* TAPageControl.h */,
				B8A61A631B3A6F24004974DE /* TAPageControl.m */,
			);
			path = PageControl;
			sourceTree = "<group>";
		};
/* End PBXGroup section */

/* Begin PBXNativeTarget section */
		B8A61A2E1B3A6EEF004974DE /* WBImageCarousel */ = {
			isa = PBXNativeTarget;
			buildConfigurationList = B8A61A521B3A6EEF004974DE /* Build configuration list for PBXNativeTarget "WBImageCarousel" */;
			buildPhases = (
				B8A61A2B1B3A6EEF004974DE /* Sources */,
				B8A61A2C1B3A6EEF004974DE /* Frameworks */,
				B8A61A2D1B3A6EEF004974DE /* Resources */,
			);
			buildRules = (
			);
			dependencies = (
			);
			name = WBImageCarousel;
			productName = WBImageCarousel;
			productReference = B8A61A2F1B3A6EEF004974DE /* WBImageCarousel.app */;
			productType = "com.apple.product-type.application";
		};
		B8A61A471B3A6EEF004974DE /* WBImageCarouselTests */ = {
			isa = PBXNativeTarget;
			buildConfigurationList = B8A61A551B3A6EEF004974DE /* Build configuration list for PBXNativeTarget "WBImageCarouselTests" */;
			buildPhases = (
				B8A61A441B3A6EEF004974DE /* Sources */,
				B8A61A451B3A6EEF004974DE /* Frameworks */,
				B8A61A461B3A6EEF004974DE /* Resources */,
			);
			buildRules = (
			);
			dependencies = (
				B8A61A4A1B3A6EEF004974DE /* PBXTargetDependency */,
			);
			name = WBImageCarouselTests;
			productName = WBImageCarouselTests;
			productReference = B8A61A481B3A6EEF004974DE /* WBImageCarouselTests.xctest */;
			productType = "com.apple.product-type.bundle.unit-test";
		};
/* End PBXNativeTarget section */

/* Begin PBXProject section */
		B8A61A271B3A6EEF004974DE /* Project object */ = {
			isa = PBXProject;
			attributes = {
				LastUpgradeCheck = 0630;
				ORGANIZATIONNAME = "李伟宾";
				TargetAttributes = {
					B8A61A2E1B3A6EEF004974DE = {
						CreatedOnToolsVersion = 6.3.2;
					};
					B8A61A471B3A6EEF004974DE = {
						CreatedOnToolsVersion = 6.3.2;
						TestTargetID = B8A61A2E1B3A6EEF004974DE;
					};
				};
			};
			buildConfigurationList = B8A61A2A1B3A6EEF004974DE /* Build configuration list for PBXProject "WBImageCarousel" */;
			compatibilityVersion = "Xcode 3.2";
			developmentRegion = English;
			hasScannedForEncodings = 0;
			knownRegions = (
				en,
				Base,
			);
			mainGroup = B8A61A261B3A6EEF004974DE;
			productRefGroup = B8A61A301B3A6EEF004974DE /* Products */;
			projectDirPath = "";
			projectRoot = "";
			targets = (
				B8A61A2E1B3A6EEF004974DE /* WBImageCarousel */,
				B8A61A471B3A6EEF004974DE /* WBImageCarouselTests */,
			);
		};
/* End PBXProject section */

/* Begin PBXResourcesBuildPhase section */
		B8A61A2D1B3A6EEF004974DE /* Resources */ = {
			isa = PBXResourcesBuildPhase;
			buildActionMask = 2147483647;
			files = (
				B8A61A431B3A6EEF004974DE /* LaunchScreen.xib in Resources */,
				B8A61A401B3A6EEF004974DE /* Images.xcassets in Resources */,
			);
			runOnlyForDeploymentPostprocessing = 0;
		};
		B8A61A461B3A6EEF004974DE /* Resources */ = {
			isa = PBXResourcesBuildPhase;
			buildActionMask = 2147483647;
			files = (
			);
			runOnlyForDeploymentPostprocessing = 0;
		};
/* End PBXResourcesBuildPhase section */

/* Begin PBXSourcesBuildPhase section */
		B8A61A2B1B3A6EEF004974DE /* Sources */ = {
			isa = PBXSourcesBuildPhase;
			buildActionMask = 2147483647;
			files = (
				B8A61A3B1B3A6EEF004974DE /* ViewController.m in Sources */,
				B8A61A6D1B3A6F24004974DE /* TADotView.m in Sources */,
				B8A61A6B1B3A6F24004974DE /* TAAbstractDotView.m in Sources */,
				B8A61A6C1B3A6F24004974DE /* TAAnimatedDotView.m in Sources */,
				B8A61A711B3A6F24004974DE /* UIView+WBExtension.m in Sources */,
				B8A61A381B3A6EEF004974DE /* AppDelegate.m in Sources */,
				B8A61A6E1B3A6F24004974DE /* TAPageControl.m in Sources */,
				B8A61A6A1B3A6F24004974DE /* NSData+WBDataCache.m in Sources */,
				B8A61A351B3A6EEF004974DE /* main.m in Sources */,
				B8A61A6F1B3A6F24004974DE /* WBCollectionViewCell.m in Sources */,
				B8A61A701B3A6F24004974DE /* WBCycleScrollView.m in Sources */,
			);
			runOnlyForDeploymentPostprocessing = 0;
		};
		B8A61A441B3A6EEF004974DE /* Sources */ = {
			isa = PBXSourcesBuildPhase;
			buildActionMask = 2147483647;
			files = (
				B8A61A4F1B3A6EEF004974DE /* WBImageCarouselTests.m in Sources */,
			);
			runOnlyForDeploymentPostprocessing = 0;
		};
/* End PBXSourcesBuildPhase section */

/* Begin PBXTargetDependency section */
		B8A61A4A1B3A6EEF004974DE /* PBXTargetDependency */ = {
			isa = PBXTargetDependency;
			target = B8A61A2E1B3A6EEF004974DE /* WBImageCarousel */;
			targetProxy = B8A61A491B3A6EEF004974DE /* PBXContainerItemProxy */;
		};
/* End PBXTargetDependency section */

/* Begin PBXVariantGroup section */
		B8A61A411B3A6EEF004974DE /* LaunchScreen.xib */ = {
			isa = PBXVariantGroup;
			children = (
				B8A61A421B3A6EEF004974DE /* Base */,
			);
			name = LaunchScreen.xib;
			sourceTree = "<group>";
		};
/* End PBXVariantGroup section */

/* Begin XCBuildConfiguration section */
		B8A61A501B3A6EEF004974DE /* Debug */ = {
			isa = XCBuildConfiguration;
			buildSettings = {
				ALWAYS_SEARCH_USER_PATHS = NO;
				CLANG_CXX_LANGUAGE_STANDARD = "gnu++0x";
				CLANG_CXX_LIBRARY = "libc++";
				CLANG_ENABLE_MODULES = YES;
				CLANG_ENABLE_OBJC_ARC = YES;
				CLANG_WARN_BOOL_CONVERSION = YES;
				CLANG_WARN_CONSTANT_CONVERSION = YES;
				CLANG_WARN_DIRECT_OBJC_ISA_USAGE = YES_ERROR;
				CLANG_WARN_EMPTY_BODY = YES;
				CLANG_WARN_ENUM_CONVERSION = YES;
				CLANG_WARN_INT_CONVERSION = YES;
				CLANG_WARN_OBJC_ROOT_CLASS = YES_ERROR;
				CLANG_WARN_UNREACHABLE_CODE = YES;
				CLANG_WARN__DUPLICATE_METHOD_MATCH = YES;
				"CODE_SIGN_IDENTITY[sdk=iphoneos*]" = "iPhone Developer";
				COPY_PHASE_STRIP = NO;
				DEBUG_INFORMATION_FORMAT = "dwarf-with-dsym";
				ENABLE_STRICT_OBJC_MSGSEND = YES;
				GCC_C_LANGUAGE_STANDARD = gnu99;
				GCC_DYNAMIC_NO_PIC = NO;
				GCC_NO_COMMON_BLOCKS = YES;
				GCC_OPTIMIZATION_LEVEL = 0;
				GCC_PREPROCESSOR_DEFINITIONS = (
					"DEBUG=1",
					"$(inherited)",
				);
				GCC_SYMBOLS_PRIVATE_EXTERN = NO;
				GCC_WARN_64_TO_32_BIT_CONVERSION = YES;
				GCC_WARN_ABOUT_RETURN_TYPE = YES_ERROR;
				GCC_WARN_UNDECLARED_SELECTOR = YES;
				GCC_WARN_UNINITIALIZED_AUTOS = YES_AGGRESSIVE;
				GCC_WARN_UNUSED_FUNCTION = YES;
				GCC_WARN_UNUSED_VARIABLE = YES;
				IPHONEOS_DEPLOYMENT_TARGET = 8.3;
				MTL_ENABLE_DEBUG_INFO = YES;
				ONLY_ACTIVE_ARCH = YES;
				SDKROOT = iphoneos;
				TARGETED_DEVICE_FAMILY = "1,2";
			};
			name = Debug;
		};
		B8A61A511B3A6EEF004974DE /* Release */ = {
			isa = XCBuildConfiguration;
			buildSettings = {
				ALWAYS_SEARCH_USER_PATHS = NO;
				CLANG_CXX_LANGUAGE_STANDARD = "gnu++0x";
				CLANG_CXX_LIBRARY = "libc++";
				CLANG_ENABLE_MODULES = YES;
				CLANG_ENABLE_OBJC_ARC = YES;
				CLANG_WARN_BOOL_CONVERSION = YES;
				CLANG_WARN_CONSTANT_CONVERSION = YES;
				CLANG_WARN_DIRECT_OBJC_ISA_USAGE = YES_ERROR;
				CLANG_WARN_EMPTY_BODY = YES;
				CLANG_WARN_ENUM_CONVERSION = YES;
				CLANG_WARN_INT_CONVERSION = YES;
				CLANG_WARN_OBJC_ROOT_CLASS = YES_ERROR;
				CLANG_WARN_UNREACHABLE_CODE = YES;
				CLANG_WARN__DUPLICATE_METHOD_MATCH = YES;
				"CODE_SIGN_IDENTITY[sdk=iphoneos*]" = "iPhone Developer";
				COPY_PHASE_STRIP = NO;
				DEBUG_INFORMATION_FORMAT = "dwarf-with-dsym";
				ENABLE_NS_ASSERTIONS = NO;
				ENABLE_STRICT_OBJC_MSGSEND = YES;
				GCC_C_LANGUAGE_STANDARD = gnu99;
				GCC_NO_COMMON_BLOCKS = YES;
				GCC_WARN_64_TO_32_BIT_CONVERSION = YES;
				GCC_WARN_ABOUT_RETURN_TYPE = YES_ERROR;
				GCC_WARN_UNDECLARED_SELECTOR = YES;
				GCC_WARN_UNINITIALIZED_AUTOS = YES_AGGRESSIVE;
				GCC_WARN_UNUSED_FUNCTION = YES;
				GCC_WARN_UNUSED_VARIABLE = YES;
				IPHONEOS_DEPLOYMENT_TARGET = 8.3;
				MTL_ENABLE_DEBUG_INFO = NO;
				SDKROOT = iphoneos;
				TARGETED_DEVICE_FAMILY = "1,2";
				VALIDATE_PRODUCT = YES;
			};
			name = Release;
		};
		B8A61A531B3A6EEF004974DE /* Debug */ = {
			isa = XCBuildConfiguration;
			buildSettings = {
				ASSETCATALOG_COMPILER_APPICON_NAME = AppIcon;
				INFOPLIST_FILE = WBImageCarousel/Info.plist;
				IPHONEOS_DEPLOYMENT_TARGET = 7.0;
				LD_RUNPATH_SEARCH_PATHS = "$(inherited) @executable_path/Frameworks";
				PRODUCT_NAME = "$(TARGET_NAME)";
			};
			name = Debug;
		};
		B8A61A541B3A6EEF004974DE /* Release */ = {
			isa = XCBuildConfiguration;
			buildSettings = {
				ASSETCATALOG_COMPILER_APPICON_NAME = AppIcon;
				INFOPLIST_FILE = WBImageCarousel/Info.plist;
				IPHONEOS_DEPLOYMENT_TARGET = 7.0;
				LD_RUNPATH_SEARCH_PATHS = "$(inherited) @executable_path/Frameworks";
				PRODUCT_NAME = "$(TARGET_NAME)";
			};
			name = Release;
		};
		B8A61A561B3A6EEF004974DE /* Debug */ = {
			isa = XCBuildConfiguration;
			buildSettings = {
				BUNDLE_LOADER = "$(TEST_HOST)";
				FRAMEWORK_SEARCH_PATHS = (
					"$(SDKROOT)/Developer/Library/Frameworks",
					"$(inherited)",
				);
				GCC_PREPROCESSOR_DEFINITIONS = (
					"DEBUG=1",
					"$(inherited)",
				);
				INFOPLIST_FILE = WBImageCarouselTests/Info.plist;
				LD_RUNPATH_SEARCH_PATHS = "$(inherited) @executable_path/Frameworks @loader_path/Frameworks";
				PRODUCT_NAME = "$(TARGET_NAME)";
				TEST_HOST = "$(BUILT_PRODUCTS_DIR)/WBImageCarousel.app/WBImageCarousel";
			};
			name = Debug;
		};
		B8A61A571B3A6EEF004974DE /* Release */ = {
			isa = XCBuildConfiguration;
			buildSettings = {
				BUNDLE_LOADER = "$(TEST_HOST)";
				FRAMEWORK_SEARCH_PATHS = (
					"$(SDKROOT)/Developer/Library/Frameworks",
					"$(inherited)",
				);
				INFOPLIST_FILE = WBImageCarouselTests/Info.plist;
				LD_RUNPATH_SEARCH_PATHS = "$(inherited) @executable_path/Frameworks @loader_path/Frameworks";
				PRODUCT_NAME = "$(TARGET_NAME)";
				TEST_HOST = "$(BUILT_PRODUCTS_DIR)/WBImageCarousel.app/WBImageCarousel";
			};
			name = Release;
		};
/* End XCBuildConfiguration section */

/* Begin XCConfigurationList section */
		B8A61A2A1B3A6EEF004974DE /* Build configuration list for PBXProject "WBImageCarousel" */ = {
			isa = XCConfigurationList;
			buildConfigurations = (
				B8A61A501B3A6EEF004974DE /* Debug */,
				B8A61A511B3A6EEF004974DE /* Release */,
			);
			defaultConfigurationIsVisible = 0;
			defaultConfigurationName = Release;
		};
		B8A61A521B3A6EEF004974DE /* Build configuration list for PBXNativeTarget "WBImageCarousel" */ = {
			isa = XCConfigurationList;
			buildConfigurations = (
				B8A61A531B3A6EEF004974DE /* Debug */,
				B8A61A541B3A6EEF004974DE /* Release */,
			);
			defaultConfigurationIsVisible = 0;
		};
		B8A61A551B3A6EEF004974DE /* Build configuration list for PBXNativeTarget "WBImageCarouselTests" */ = {
			isa = XCConfigurationList;
			buildConfigurations = (
				B8A61A561B3A6EEF004974DE /* Debug */,
				B8A61A571B3A6EEF004974DE /* Release */,
			);
			defaultConfigurationIsVisible = 0;
		};
/* End XCConfigurationList section */
	};
	rootObject = B8A61A271B3A6EEF004974DE /* Project object */;
}
